
Microsoft Visual Studio Solution File, Format Version 12.00
Project("{FAE04EC0-301F-11D3-BF4B-00C04F79EFBC}") = "Petfolio.API", "Petfolio.API\Petfolio.API.csproj", "{315A0567-AA22-441F-BC00-DE31ADFDBC26}"
EndProject
Global
	GlobalSection(SolutionConfigurationPlatforms) = preSolution
		Debug|Any CPU = Debug|Any CPU
		Release|Any CPU = Release|Any CPU
	EndGlobalSection
	GlobalSection(ProjectConfigurationPlatforms) = postSolution
		{315A0567-AA22-441F-BC00-DE31ADFDBC26}.Debug|Any CPU.ActiveCfg = Debug|Any CPU
		{315A0567-AA22-441F-BC00-DE31ADFDBC26}.Debug|Any CPU.Build.0 = Debug|Any CPU
		{315A0567-AA22-441F-BC00-DE31ADFDBC26}.Release|Any CPU.ActiveCfg = Release|Any CPU
		{315A0567-AA22-441F-BC00-DE31ADFDBC26}.Release|Any CPU.Build.0 = Release|Any CPU
	EndGlobalSection
EndGlobal
